// !$*UTF8*$!
{
	archiveVersion = 1;
	classes = {
	};
	objectVersion = 77;
	objects = {

/* Begin PBXContainerItemProxy section */
		90DF1D952CB4E4EF000F01B8 /* PBXContainerItemProxy */ = {
			isa = PBXContainerItemProxy;
			containerPortal = 90DF1D762CB4E4EE000F01B8 /* Project object */;
			proxyType = 1;
			remoteGlobalIDString = 90DF1D7D2CB4E4EE000F01B8;
			remoteInfo = new1;
		};
		90DF1D9F2CB4E4EF000F01B8 /* PBXContainerItemProxy */ = {
			isa = PBXContainerItemProxy;
			containerPortal = 90DF1D762CB4E4EE000F01B8 /* Project object */;
			proxyType = 1;
			remoteGlobalIDString = 90DF1D7D2CB4E4EE000F01B8;
			remoteInfo = new1;
		};
/* End PBXContainerItemProxy section */

/* Begin PBXFileReference section */
		90DF1D7E2CB4E4EE000F01B8 /* new1.app */ = {isa = PBXFileReference; explicitFileType = wrapper.application; includeInIndex = 0; path = new1.app; sourceTree = BUILT_PRODUCTS_DIR; };
		90DF1D942CB4E4EF000F01B8 /* new1Tests.xctest */ = {isa = PBXFileReference; explicitFileType = wrapper.cfbundle; includeInIndex = 0; path = new1Tests.xctest; sourceTree = BUILT_PRODUCTS_DIR; };
		90DF1D9E2CB4E4EF000F01B8 /* new1UITests.xctest */ = {isa = PBXFileReference; explicitFileType = wrapper.cfbundle; includeInIndex = 0; path = new1UITests.xctest; sourceTree = BUILT_PRODUCTS_DIR; };
		90DF1DB22CB4E502000F01B8 /* new1.xcodeproj */ = {isa = PBXFileReference; lastKnownFileType = "wrapper.pb-project"; name = new1.xcodeproj; path = new1/new1.xcodeproj; sourceTree = SOURCE_ROOT; };
/* End PBXFileReference section */

/* Begin PBXFileSystemSynchronizedBuildFileExceptionSet section */
		90DF1DA62CB4E4EF000F01B8 /* Exceptions for "new1" folder in "new1" target */ = {
			isa = PBXFileSystemSynchronizedBuildFileExceptionSet;
			membershipExceptions = (
				Info.plist,
			);
			target = 90DF1D7D2CB4E4EE000F01B8 /* new1 */;
		};
/* End PBXFileSystemSynchronizedBuildFileExceptionSet section */

/* Begin PBXFileSystemSynchronizedRootGroup section */
		90DF1D802CB4E4EE000F01B8 /* new1 */ = {
			isa = PBXFileSystemSynchronizedRootGroup;
			exceptions = (
				90DF1DA62CB4E4EF000F01B8 /* Exceptions for "new1" folder in "new1" target */,
			);
			path = new1;
			sourceTree = "<group>";
		};
		90DF1D972CB4E4EF000F01B8 /* new1Tests */ = {
			isa = PBXFileSystemSynchronizedRootGroup;
			path = new1Tests;
			sourceTree = "<group>";
		};
		90DF1DA12CB4E4EF000F01B8 /* new1UITests */ = {
			isa = PBXFileSystemSynchronizedRootGroup;
			path = new1UITests;
			sourceTree = "<group>";
		};
/* End PBXFileSystemSynchronizedRootGroup section */

/* Begin PBXFrameworksBuildPhase section */
		90DF1D7B2CB4E4EE000F01B8 /* Frameworks */ = {
			isa = PBXFrameworksBuildPhase;
			buildActionMask = 2147483647;
			files = (
			);
			runOnlyForDeploymentPostprocessing = 0;
		};
		90DF1D912CB4E4EF000F01B8 /* Frameworks */ = {
			isa = PBXFrameworksBuildPhase;
			buildActionMask = 2147483647;
			files = (
			);
			runOnlyForDeploymentPostprocessing = 0;
		};
		90DF1D9B2CB4E4EF000F01B8 /* Frameworks */ = {
			isa = PBXFrameworksBuildPhase;
			buildActionMask = 2147483647;
			files = (
			);
			runOnlyForDeploymentPostprocessing = 0;
		};
/* End PBXFrameworksBuildPhase section */

/* Begin PBXGroup section */
		90DF1D752CB4E4EE000F01B8 = {
			isa = PBXGroup;
			children = (
				90DF1D802CB4E4EE000F01B8 /* new1 */,
				90DF1D972CB4E4EF000F01B8 /* new1Tests */,
				90DF1DA12CB4E4EF000F01B8 /* new1UITests */,
				90DF1D7F2CB4E4EE000F01B8 /* Products */,
			);
			sourceTree = "<group>";
		};
		90DF1D7F2CB4E4EE000F01B8 /* Products */ = {
			isa = PBXGroup;
			children = (
				90DF1D7E2CB4E4EE000F01B8 /* new1.app */,
				90DF1D942CB4E4EF000F01B8 /* new1Tests.xctest */,
				90DF1D9E2CB4E4EF000F01B8 /* new1UITests.xctest */,
			);
			name = Products;
			sourceTree = "<group>";
		};
		90DF1DB52CB4E502000F01B8 /* Products */ = {
			isa = PBXGroup;
			children = (
			);
			name = Products;
			sourceTree = "<group>";
		};
/* End PBXGroup section */

/* Begin PBXNativeTarget section */
		90DF1D7D2CB4E4EE000F01B8 /* new1 */ = {
			isa = PBXNativeTarget;
			buildConfigurationList = 90DF1DA72CB4E4EF000F01B8 /* Build configuration list for PBXNativeTarget "new1" */;
			buildPhases = (
				90DF1D7A2CB4E4EE000F01B8 /* Sources */,
				90DF1D7B2CB4E4EE000F01B8 /* Frameworks */,
				90DF1D7C2CB4E4EE000F01B8 /* Resources */,
			);
			buildRules = (
			);
			dependencies = (
			);
			fileSystemSynchronizedGroups = (
				90DF1D802CB4E4EE000F01B8 /* new1 */,
			);
			name = new1;
			packageProductDependencies = (
			);
			productName = new1;
			productReference = 90DF1D7E2CB4E4EE000F01B8 /* new1.app */;
			productType = "com.apple.product-type.application";
		};
		90DF1D932CB4E4EF000F01B8 /* new1Tests */ = {
			isa = PBXNativeTarget;
			buildConfigurationList = 90DF1DAC2CB4E4EF000F01B8 /* Build configuration list for PBXNativeTarget "new1Tests" */;
			buildPhases = (
				90DF1D902CB4E4EF000F01B8 /* Sources */,
				90DF1D912CB4E4EF000F01B8 /* Frameworks */,
				90DF1D922CB4E4EF000F01B8 /* Resources */,
			);
			buildRules = (
			);
			dependencies = (
				90DF1D962CB4E4EF000F01B8 /* PBXTargetDependency */,
			);
			fileSystemSynchronizedGroups = (
				90DF1D972CB4E4EF000F01B8 /* new1Tests */,
			);
			name = new1Tests;
			packageProductDependencies = (
			);
			productName = new1Tests;
			productReference = 90DF1D942CB4E4EF000F01B8 /* new1Tests.xctest */;
			productType = "com.apple.product-type.bundle.unit-test";
		};
		90DF1D9D2CB4E4EF000F01B8 /* new1UITests */ = {
			isa = PBXNativeTarget;
			buildConfigurationList = 90DF1DAF2CB4E4EF000F01B8 /* Build configuration list for PBXNativeTarget "new1UITests" */;
			buildPhases = (
				90DF1D9A2CB4E4EF000F01B8 /* Sources */,
				90DF1D9B2CB4E4EF000F01B8 /* Frameworks */,
				90DF1D9C2CB4E4EF000F01B8 /* Resources */,
			);
			buildRules = (
			);
			dependencies = (
				90DF1DA02CB4E4EF000F01B8 /* PBXTargetDependency */,
			);
			fileSystemSynchronizedGroups = (
				90DF1DA12CB4E4EF000F01B8 /* new1UITests */,
			);
			name = new1UITests;
			packageProductDependencies = (
			);
			productName = new1UITests;
			productReference = 90DF1D9E2CB4E4EF000F01B8 /* new1UITests.xctest */;
			productType = "com.apple.product-type.bundle.ui-testing";
		};
/* End PBXNativeTarget section */

/* Begin PBXProject section */
		90DF1D762CB4E4EE000F01B8 /* Project object */ = {
			isa = PBXProject;
			attributes = {
				BuildIndependentTargetsInParallel = 1;
				LastSwiftUpdateCheck = 1600;
				LastUpgradeCheck = 1600;
				TargetAttributes = {
					90DF1D7D2CB4E4EE000F01B8 = {
						CreatedOnToolsVersion = 16.0;
					};
					90DF1D932CB4E4EF000F01B8 = {
						CreatedOnToolsVersion = 16.0;
						TestTargetID = 90DF1D7D2CB4E4EE000F01B8;
					};
					90DF1D9D2CB4E4EF000F01B8 = {
						CreatedOnToolsVersion = 16.0;
						TestTargetID = 90DF1D7D2CB4E4EE000F01B8;
					};
				};
			};
			buildConfigurationList = 90DF1D792CB4E4EE000F01B8 /* Build configuration list for PBXProject "new1" */;
			developmentRegion = en;
			hasScannedForEncodings = 0;
			knownRegions = (
				en,
				Base,
			);
			mainGroup = 90DF1D752CB4E4EE000F01B8;
			minimizedProjectReferenceProxies = 1;
			preferredProjectObjectVersion = 77;
			productRefGroup = 90DF1D7F2CB4E4EE000F01B8 /* Products */;
			projectDirPath = "";
			projectReferences = (
				{
					ProductGroup = 90DF1DB52CB4E502000F01B8 /* Products */;
					ProjectRef = 90DF1DB22CB4E502000F01B8 /* new1.xcodeproj */;
				},
			);
			projectRoot = "";
			targets = (
				90DF1D7D2CB4E4EE000F01B8 /* new1 */,
				90DF1D932CB4E4EF000F01B8 /* new1Tests */,
				90DF1D9D2CB4E4EF000F01B8 /* new1UITests */,
			);
		};
/* End PBXProject section */

/* Begin PBXResourcesBuildPhase section */
		90DF1D7C2CB4E4EE000F01B8 /* Resources */ = {
			isa = PBXResourcesBuildPhase;
			buildActionMask = 2147483647;
			files = (
			);
			runOnlyForDeploymentPostprocessing = 0;
		};
		90DF1D922CB4E4EF000F01B8 /* Resources */ = {
			isa = PBXResourcesBuildPhase;
			buildActionMask = 2147483647;
			files = (
			);
			runOnlyForDeploymentPostprocessing = 0;
		};
		90DF1D9C2CB4E4EF000F01B8 /* Resources */ = {
			isa = PBXResourcesBuildPhase;
			buildActionMask = 2147483647;
			files = (
			);
			runOnlyForDeploymentPostprocessing = 0;
		};
/* End PBXResourcesBuildPhase section */

/* Begin PBXSourcesBuildPhase section */
		90DF1D7A2CB4E4EE000F01B8 /* Sources */ = {
			isa = PBXSourcesBuildPhase;
			buildActionMask = 2147483647;
			files = (
			);
			runOnlyForDeploymentPostprocessing = 0;
		};
		90DF1D902CB4E4EF000F01B8 /* Sources */ = {
			isa = PBXSourcesBuildPhase;
			buildActionMask = 2147483647;
			files = (
			);
			runOnlyForDeploymentPostprocessing = 0;
		};
		90DF1D9A2CB4E4EF000F01B8 /* Sources */ = {
			isa = PBXSourcesBuildPhase;
			buildActionMask = 2147483647;
			files = (
			);
			runOnlyForDeploymentPostprocessing = 0;
		};
/* End PBXSourcesBuildPhase section */

/* Begin PBXTargetDependency section */
		90DF1D962CB4E4EF000F01B8 /* PBXTargetDependency */ = {
			isa = PBXTargetDependency;
			target = 90DF1D7D2CB4E4EE000F01B8 /* new1 */;
			targetProxy = 90DF1D952CB4E4EF000F01B8 /* PBXContainerItemProxy */;
		};
		90DF1DA02CB4E4EF000F01B8 /* PBXTargetDependency */ = {
			isa = PBXTargetDependency;
			target = 90DF1D7D2CB4E4EE000F01B8 /* new1 */;
			targetProxy = 90DF1D9F2CB4E4EF000F01B8 /* PBXContainerItemProxy */;
		};
/* End PBXTargetDependency section */

/* Begin XCBuildConfiguration section */
		90DF1DA82CB4E4EF000F01B8 /* Debug */ = {
			isa = XCBuildConfiguration;
			buildSettings = {
				ASSETCATALOG_COMPILER_APPICON_NAME = AppIcon;
				ASSETCATALOG_COMPILER_GLOBAL_ACCENT_COLOR_NAME = AccentColor;
				CODE_SIGN_STYLE = Automatic;
				CURRENT_PROJECT_VERSION = 1;
				GENERATE_INFOPLIST_FILE = YES;
				INFOPLIST_FILE = new1/Info.plist;
				INFOPLIST_KEY_UIApplicationSupportsIndirectInputEvents = YES;
				INFOPLIST_KEY_UILaunchStoryboardName = LaunchScreen;
				INFOPLIST_KEY_UIMainStoryboardFile = Main;
				INFOPLIST_KEY_UISupportedInterfaceOrientations_iPad = "UIInterfaceOrientationPortrait UIInterfaceOrientationPortraitUpsideDown UIInterfaceOrientationLandscapeLeft UIInterfaceOrientationLandscapeRight";
				INFOPLIST_KEY_UISupportedInterfaceOrientations_iPhone = "UIInterfaceOrientationPortrait UIInterfaceOrientationLandscapeLeft UIInterfaceOrientationLandscapeRight";
				LD_RUNPATH_SEARCH_PATHS = (
					"$(inherited)",
					"@executable_path/Frameworks",
				);
				MARKETING_VERSION = 1.0;
				PRODUCT_BUNDLE_IDENTIFIER = "-223.new1";
				PRODUCT_NAME = "$(TARGET_NAME)";
				SWIFT_EMIT_LOC_STRINGS = YES;
				SWIFT_VERSION = 5.0;
				TARGETED_DEVICE_FAMILY = "1,2";
			};
			name = Debug;
		};
		90DF1DA92CB4E4EF000F01B8 /* Release */ = {
			isa = XCBuildConfiguration;
			buildSettings = {
				ASSETCATALOG_COMPILER_APPICON_NAME = AppIcon;
				ASSETCATALOG_COMPILER_GLOBAL_ACCENT_COLOR_NAME = AccentColor;
				CODE_SIGN_STYLE = Automatic;
				CURRENT_PROJECT_VERSION = 1;
				GENERATE_INFOPLIST_FILE = YES;
				INFOPLIST_FILE = new1/Info.plist;
				INFOPLIST_KEY_UIApplicationSupportsIndirectInputEvents = YES;
				INFOPLIST_KEY_UILaunchStoryboardName = LaunchScreen;
				INFOPLIST_KEY_UIMainStoryboardFile = Main;
				INFOPLIST_KEY_UISupportedInterfaceOrientations_iPad = "UIInterfaceOrientationPortrait UIInterfaceOrientationPortraitUpsideDown UIInterfaceOrientationLandscapeLeft UIInterfaceOrientationLandscapeRight";
				INFOPLIST_KEY_UISupportedInterfaceOrientations_iPhone = "UIInterfaceOrientationPortrait UIInterfaceOrientationLandscapeLeft UIInterfaceOrientationLandscapeRight";
				LD_RUNPATH_SEARCH_PATHS = (
					"$(inherited)",
					"@executable_path/Frameworks",
				);
				MARKETING_VERSION = 1.0;
				PRODUCT_BUNDLE_IDENTIFIER = "-223.new1";
				PRODUCT_NAME = "$(TARGET_NAME)";
				SWIFT_EMIT_LOC_STRINGS = YES;
				SWIFT_VERSION = 5.0;
				TARGETED_DEVICE_FAMILY = "1,2";
			};
			name = Release;
		};
		90DF1DAA2CB4E4EF000F01B8 /* Debug */ = {
			isa = XCBuildConfiguration;
			buildSettings = {
				ALWAYS_SEARCH_USER_PATHS = NO;
				ASSETCATALOG_COMPILER_GENERATE_SWIFT_ASSET_SYMBOL_EXTENSIONS = YES;
				CLANG_ANALYZER_NONNULL = YES;
				CLANG_ANALYZER_NUMBER_OBJECT_CONVERSION = YES_AGGRESSIVE;
				CLANG_CXX_LANGUAGE_STANDARD = "gnu++20";
				CLANG_ENABLE_MODULES = YES;
				CLANG_ENABLE_OBJC_ARC = YES;
				CLANG_ENABLE_OBJC_WEAK = YES;
				CLANG_WARN_BLOCK_CAPTURE_AUTORELEASING = YES;
				CLANG_WARN_BOOL_CONVERSION = YES;
				CLANG_WARN_COMMA = YES;
				CLANG_WARN_CONSTANT_CONVERSION = YES;
				CLANG_WARN_DEPRECATED_OBJC_IMPLEMENTATIONS = YES;
				CLANG_WARN_DIRECT_OBJC_ISA_USAGE = YES_ERROR;
				CLANG_WARN_DOCUMENTATION_COMMENTS = YES;
				CLANG_WARN_EMPTY_BODY = YES;
				CLANG_WARN_ENUM_CONVERSION = YES;
				CLANG_WARN_INFINITE_RECURSION = YES;
				CLANG_WARN_INT_CONVERSION = YES;
				CLANG_WARN_NON_LITERAL_NULL_CONVERSION = YES;
				CLANG_WARN_OBJC_IMPLICIT_RETAIN_SELF = YES;
				CLANG_WARN_OBJC_LITERAL_CONVERSION = YES;
				CLANG_WARN_OBJC_ROOT_CLASS = YES_ERROR;
				CLANG_WARN_QUOTED_INCLUDE_IN_FRAMEWORK_HEADER = YES;
				CLANG_WARN_RANGE_LOOP_ANALYSIS = YES;
				CLANG_WARN_STRICT_PROTOTYPES = YES;
				CLANG_WARN_SUSPICIOUS_MOVE = YES;
				CLANG_WARN_UNGUARDED_AVAILABILITY = YES_AGGRESSIVE;
				CLANG_WARN_UNREACHABLE_CODE = YES;
				CLANG_WARN__DUPLICATE_METHOD_MATCH = YES;
				COPY_PHASE_STRIP = NO;
				DEBUG_INFORMATION_FORMAT = dwarf;
				ENABLE_STRICT_OBJC_MSGSEND = YES;
				ENABLE_TESTABILITY = YES;
				ENABLE_USER_SCRIPT_SANDBOXING = YES;
				GCC_C_LANGUAGE_STANDARD = gnu17;
				GCC_DYNAMIC_NO_PIC = NO;
				GCC_NO_COMMON_BLOCKS = YES;
				GCC_OPTIMIZATION_LEVEL = 0;
				GCC_PREPROCESSOR_DEFINITIONS = (
					"DEBUG=1",
					"$(inherited)",
				);
				GCC_WARN_64_TO_32_BIT_CONVERSION = YES;
				GCC_WARN_ABOUT_RETURN_TYPE = YES_ERROR;
				GCC_WARN_UNDECLARED_SELECTOR = YES;
				GCC_WARN_UNINITIALIZED_AUTOS = YES_AGGRESSIVE;
				GCC_WARN_UNUSED_FUNCTION = YES;
				GCC_WARN_UNUSED_VARIABLE = YES;
				IPHONEOS_DEPLOYMENT_TARGET = 18.0;
				LOCALIZATION_PREFERS_STRING_CATALOGS = YES;
				MTL_ENABLE_DEBUG_INFO = INCLUDE_SOURCE;
				MTL_FAST_MATH = YES;
				ONLY_ACTIVE_ARCH = YES;
				SDKROOT = iphoneos;
				SWIFT_ACTIVE_COMPILATION_CONDITIONS = "DEBUG $(inherited)";
				SWIFT_OPTIMIZATION_LEVEL = "-Onone";
			};
			name = Debug;
		};
		90DF1DAB2CB4E4EF000F01B8 /* Release */ = {
			isa = XCBuildConfiguration;
			buildSettings = {
				ALWAYS_SEARCH_USER_PATHS = NO;
				ASSETCATALOG_COMPILER_GENERATE_SWIFT_ASSET_SYMBOL_EXTENSIONS = YES;
				CLANG_ANALYZER_NONNULL = YES;
				CLANG_ANALYZER_NUMBER_OBJECT_CONVERSION = YES_AGGRESSIVE;
				CLANG_CXX_LANGUAGE_STANDARD = "gnu++20";
				CLANG_ENABLE_MODULES = YES;
				CLANG_ENABLE_OBJC_ARC = YES;
				CLANG_ENABLE_OBJC_WEAK = YES;
				CLANG_WARN_BLOCK_CAPTURE_AUTORELEASING = YES;
				CLANG_WARN_BOOL_CONVERSION = YES;
				CLANG_WARN_COMMA = YES;
				CLANG_WARN_CONSTANT_CONVERSION = YES;
				CLANG_WARN_DEPRECATED_OBJC_IMPLEMENTATIONS = YES;
				CLANG_WARN_DIRECT_OBJC_ISA_USAGE = YES_ERROR;
				CLANG_WARN_DOCUMENTATION_COMMENTS = YES;
				CLANG_WARN_EMPTY_BODY = YES;
				CLANG_WARN_ENUM_CONVERSION = YES;
				CLANG_WARN_INFINITE_RECURSION = YES;
				CLANG_WARN_INT_CONVERSION = YES;
				CLANG_WARN_NON_LITERAL_NULL_CONVERSION = YES;
				CLANG_WARN_OBJC_IMPLICIT_RETAIN_SELF = YES;
				CLANG_WARN_OBJC_LITERAL_CONVERSION = YES;
				CLANG_WARN_OBJC_ROOT_CLASS = YES_ERROR;
				CLANG_WARN_QUOTED_INCLUDE_IN_FRAMEWORK_HEADER = YES;
				CLANG_WARN_RANGE_LOOP_ANALYSIS = YES;
				CLANG_WARN_STRICT_PROTOTYPES = YES;
				CLANG_WARN_SUSPICIOUS_MOVE = YES;
				CLANG_WARN_UNGUARDED_AVAILABILITY = YES_AGGRESSIVE;
				CLANG_WARN_UNREACHABLE_CODE = YES;
				CLANG_WARN__DUPLICATE_METHOD_MATCH = YES;
				COPY_PHASE_STRIP = NO;
				DEBUG_INFORMATION_FORMAT = "dwarf-with-dsym";
				ENABLE_NS_ASSERTIONS = NO;
				ENABLE_STRICT_OBJC_MSGSEND = YES;
				ENABLE_USER_SCRIPT_SANDBOXING = YES;
				GCC_C_LANGUAGE_STANDARD = gnu17;
				GCC_NO_COMMON_BLOCKS = YES;
				GCC_WARN_64_TO_32_BIT_CONVERSION = YES;
				GCC_WARN_ABOUT_RETURN_TYPE = YES_ERROR;
				GCC_WARN_UNDECLARED_SELECTOR = YES;
				GCC_WARN_UNINITIALIZED_AUTOS = YES_AGGRESSIVE;
				GCC_WARN_UNUSED_FUNCTION = YES;
				GCC_WARN_UNUSED_VARIABLE = YES;
				IPHONEOS_DEPLOYMENT_TARGET = 18.0;
				LOCALIZATION_PREFERS_STRING_CATALOGS = YES;
				MTL_ENABLE_DEBUG_INFO = NO;
				MTL_FAST_MATH = YES;
				SDKROOT = iphoneos;
				SWIFT_COMPILATION_MODE = wholemodule;
				VALIDATE_PRODUCT = YES;
			};
			name = Release;
		};
		90DF1DAD2CB4E4EF000F01B8 /* Debug */ = {
			isa = XCBuildConfiguration;
			buildSettings = {
				BUNDLE_LOADER = "$(TEST_HOST)";
				CODE_SIGN_STYLE = Automatic;
				CURRENT_PROJECT_VERSION = 1;
				GENERATE_INFOPLIST_FILE = YES;
				IPHONEOS_DEPLOYMENT_TARGET = 18.0;
				MARKETING_VERSION = 1.0;
				PRODUCT_BUNDLE_IDENTIFIER = "-223.new1Tests";
				PRODUCT_NAME = "$(TARGET_NAME)";
				SWIFT_EMIT_LOC_STRINGS = NO;
				SWIFT_VERSION = 5.0;
				TARGETED_DEVICE_FAMILY = "1,2";
				TEST_HOST = "$(BUILT_PRODUCTS_DIR)/new1.app/$(BUNDLE_EXECUTABLE_FOLDER_PATH)/new1";
			};
			name = Debug;
		};
		90DF1DAE2CB4E4EF000F01B8 /* Release */ = {
			isa = XCBuildConfiguration;
			buildSettings = {
				BUNDLE_LOADER = "$(TEST_HOST)";
				CODE_SIGN_STYLE = Automatic;
				CURRENT_PROJECT_VERSION = 1;
				GENERATE_INFOPLIST_FILE = YES;
				IPHONEOS_DEPLOYMENT_TARGET = 18.0;
				MARKETING_VERSION = 1.0;
				PRODUCT_BUNDLE_IDENTIFIER = "-223.new1Tests";
				PRODUCT_NAME = "$(TARGET_NAME)";
				SWIFT_EMIT_LOC_STRINGS = NO;
				SWIFT_VERSION = 5.0;
				TARGETED_DEVICE_FAMILY = "1,2";
				TEST_HOST = "$(BUILT_PRODUCTS_DIR)/new1.app/$(BUNDLE_EXECUTABLE_FOLDER_PATH)/new1";
			};
			name = Release;
		};
		90DF1DB02CB4E4EF000F01B8 /* Debug */ = {
			isa = XCBuildConfiguration;
			buildSettings = {
				CODE_SIGN_STYLE = Automatic;
				CURRENT_PROJECT_VERSION = 1;
				GENERATE_INFOPLIST_FILE = YES;
				MARKETING_VERSION = 1.0;
				PRODUCT_BUNDLE_IDENTIFIER = "-223.new1UITests";
				PRODUCT_NAME = "$(TARGET_NAME)";
				SWIFT_EMIT_LOC_STRINGS = NO;
				SWIFT_VERSION = 5.0;
				TARGETED_DEVICE_FAMILY = "1,2";
				TEST_TARGET_NAME = new1;
			};
			name = Debug;
		};
		90DF1DB12CB4E4EF000F01B8 /* Release */ = {
			isa = XCBuildConfiguration;
			buildSettings = {
				CODE_SIGN_STYLE = Automatic;
				CURRENT_PROJECT_VERSION = 1;
				GENERATE_INFOPLIST_FILE = YES;
				MARKETING_VERSION = 1.0;
				PRODUCT_BUNDLE_IDENTIFIER = "-223.new1UITests";
				PRODUCT_NAME = "$(TARGET_NAME)";
				SWIFT_EMIT_LOC_STRINGS = NO;
				SWIFT_VERSION = 5.0;
				TARGETED_DEVICE_FAMILY = "1,2";
				TEST_TARGET_NAME = new1;
			};
			name = Release;
		};
/* End XCBuildConfiguration section */

/* Begin XCConfigurationList section */
		90DF1D792CB4E4EE000F01B8 /* Build configuration list for PBXProject "new1" */ = {
			isa = XCConfigurationList;
			buildConfigurations = (
				90DF1DAA2CB4E4EF000F01B8 /* Debug */,
				90DF1DAB2CB4E4EF000F01B8 /* Release */,
			);
			defaultConfigurationIsVisible = 0;
			defaultConfigurationName = Release;
		};
		90DF1DA72CB4E4EF000F01B8 /* Build configuration list for PBXNativeTarget "new1" */ = {
			isa = XCConfigurationList;
			buildConfigurations = (
				90DF1DA82CB4E4EF000F01B8 /* Debug */,
				90DF1DA92CB4E4EF000F01B8 /* Release */,
			);
			defaultConfigurationIsVisible = 0;
			defaultConfigurationName = Release;
		};
		90DF1DAC2CB4E4EF000F01B8 /* Build configuration list for PBXNativeTarget "new1Tests" */ = {
			isa = XCConfigurationList;
			buildConfigurations = (
				90DF1DAD2CB4E4EF000F01B8 /* Debug */,
				90DF1DAE2CB4E4EF000F01B8 /* Release */,
			);
			defaultConfigurationIsVisible = 0;
			defaultConfigurationName = Release;
		};
		90DF1DAF2CB4E4EF000F01B8 /* Build configuration list for PBXNativeTarget "new1UITests" */ = {
			isa = XCConfigurationList;
			buildConfigurations = (
				90DF1DB02CB4E4EF000F01B8 /* Debug */,
				90DF1DB12CB4E4EF000F01B8 /* Release */,
			);
			defaultConfigurationIsVisible = 0;
			defaultConfigurationName = Release;
		};
/* End XCConfigurationList section */
	};
	rootObject = 90DF1D762CB4E4EE000F01B8 /* Project object */;
}
